
Microsoft Visual Studio Solution File, Format Version 12.00
# Visual Studio Version 16
VisualStudioVersion = 16.0.31019.35
MinimumVisualStudioVersion = 10.0.40219.1
Project("{FAE04EC0-301F-11D3-BF4B-00C04F79EFBC}") = "Clase01_POO_PRACTICA_INTRODUCCION", "Clase01_POO_PRACTICA_INTRODUCCION.csproj", "{B7CE3660-A847-4DD0-B7F4-C0119DA896E4}"
EndProject
Global
	GlobalSection(SolutionConfigurationPlatforms) = preSolution
		Debug|Any CPU = Debug|Any CPU
		Release|Any CPU = Release|Any CPU
	EndGlobalSection
	GlobalSection(ProjectConfigurationPlatforms) = postSolution
		{B7CE3660-A847-4DD0-B7F4-C0119DA896E4}.Debug|Any CPU.ActiveCfg = Debug|Any CPU
		{B7CE3660-A847-4DD0-B7F4-C0119DA896E4}.Debug|Any CPU.Build.0 = Debug|Any CPU
		{B7CE3660-A847-4DD0-B7F4-C0119DA896E4}.Release|Any CPU.ActiveCfg = Release|Any CPU
		{B7CE3660-A847-4DD0-B7F4-C0119DA896E4}.Release|Any CPU.Build.0 = Release|Any CPU
	EndGlobalSection
	GlobalSection(SolutionProperties) = preSolution
		HideSolutionNode = FALSE
	EndGlobalSection
	GlobalSection(ExtensibilityGlobals) = postSolution
		SolutionGuid = {CFF9B743-B4A1-40C6-91B4-EA9C37D09A61}
	EndGlobalSection
EndGlobal
