
Microsoft Visual Studio Solution File, Format Version 12.00
# Visual Studio Version 16
VisualStudioVersion = 16.0.30523.141
MinimumVisualStudioVersion = 10.0.40219.1
Project("{FAE04EC0-301F-11D3-BF4B-00C04F79EFBC}") = "Variables", "Variables.csproj", "{32E6E286-0172-4297-B90B-B082EF75C526}"
EndProject
Global
	GlobalSection(SolutionConfigurationPlatforms) = preSolution
		Debug|Any CPU = Debug|Any CPU
		Release|Any CPU = Release|Any CPU
	EndGlobalSection
	GlobalSection(ProjectConfigurationPlatforms) = postSolution
		{32E6E286-0172-4297-B90B-B082EF75C526}.Debug|Any CPU.ActiveCfg = Debug|Any CPU
		{32E6E286-0172-4297-B90B-B082EF75C526}.Debug|Any CPU.Build.0 = Debug|Any CPU
		{32E6E286-0172-4297-B90B-B082EF75C526}.Release|Any CPU.ActiveCfg = Release|Any CPU
		{32E6E286-0172-4297-B90B-B082EF75C526}.Release|Any CPU.Build.0 = Release|Any CPU
	EndGlobalSection
	GlobalSection(SolutionProperties) = preSolution
		HideSolutionNode = FALSE
	EndGlobalSection
	GlobalSection(ExtensibilityGlobals) = postSolution
		SolutionGuid = {A9A9BD2D-E96C-4139-B1CA-21161E38F7C8}
	EndGlobalSection
EndGlobal
